{
  "nodes": {
    "nixpkgs": {
      "locked": {
        "lastModified": 1713761662,
        "narHash": "sha256-HLpr4EgxIRB1UJCpupvF+Ai8pFa93BJh8anPJ68FwOI=",
        "owner": "NixOS",
        "repo": "nixpkgs",
        "rev": "de52a47e961d45f6a8c7f9f086c60ff89ecdddaf",
        "type": "github"
      },
      "original": {
        "owner": "NixOS",
        "ref": "nixos-unstable-small",
        "repo": "nixpkgs",
        "type": "github"
      }
    },
    "root": {
      "inputs": {
        "nixpkgs": "nixpkgs"
      }
    }
  },
  "root": "root",
  "version": 7
}
