{
  "nodes": {
    "nixpkgs": {
      "locked": {
        "lastModified": 1714334978,
        "narHash": "sha256-XKYHRagsPl5SYJFsVySQ2y0p2NLwHjBYKL3D+Igpxt4=",
        "owner": "NixOS",
        "repo": "nixpkgs",
        "rev": "06eef1a9788e82b5a959505c8add80782c038751",
        "type": "github"
      },
      "original": {
        "owner": "NixOS",
        "ref": "nixos-unstable-small",
        "repo": "nixpkgs",
        "type": "github"
      }
    },
    "root": {
      "inputs": {
        "nixpkgs": "nixpkgs"
      }
    }
  },
  "root": "root",
  "version": 7
}
